// !$*UTF8*$!
{
	archiveVersion = 1;
	classes = {
	};
	objectVersion = 55;
	objects = {

/* Begin PBXBuildFile section */
		1547EFF9292B66120032AD6D /* 암호확인.c in Sources */ = {isa = PBXBuildFile; fileRef = 1547EFF2292B66120032AD6D /* 암호확인.c */; };
		1547EFFA292B66120032AD6D /* 대문자만들기.c in Sources */ = {isa = PBXBuildFile; fileRef = 1547EFF3292B66120032AD6D /* 대문자만들기.c */; };
		1547EFFB292B66120032AD6D /* array_of_string.c in Sources */ = {isa = PBXBuildFile; fileRef = 1547EFF4292B66120032AD6D /* array_of_string.c */; };
		1547EFFC292B66120032AD6D /* 한영사전.c in Sources */ = {isa = PBXBuildFile; fileRef = 1547EFF5292B66120032AD6D /* 한영사전.c */; };
		1547EFFD292B66120032AD6D /* 문자열 거꾸로.c in Sources */ = {isa = PBXBuildFile; fileRef = 1547EFF6292B66120032AD6D /* 문자열 거꾸로.c */; };
		1547EFFE292B66120032AD6D /* strcmp.c in Sources */ = {isa = PBXBuildFile; fileRef = 1547EFF7292B66120032AD6D /* strcmp.c */; };
		1547EFFF292B66120032AD6D /* fav_fruit.c in Sources */ = {isa = PBXBuildFile; fileRef = 1547EFF8292B66120032AD6D /* fav_fruit.c */; };
		15FB02C128FFF39B00F89320 /* 모음 삭제.c in Sources */ = {isa = PBXBuildFile; fileRef = 15FB02BE28FFD81800F89320 /* 모음 삭제.c */; };
/* End PBXBuildFile section */

/* Begin PBXCopyFilesBuildPhase section */
		15476DD028FD9CF70024A6C5 /* CopyFiles */ = {
			isa = PBXCopyFilesBuildPhase;
			buildActionMask = 2147483647;
			dstPath = /usr/share/man/man1/;
			dstSubfolderSpec = 0;
			files = (
			);
			runOnlyForDeploymentPostprocessing = 1;
		};
/* End PBXCopyFilesBuildPhase section */

/* Begin PBXFileReference section */
		15476DD228FD9CF70024A6C5 /* 문자열 배열 */ = {isa = PBXFileReference; explicitFileType = "compiled.mach-o.executable"; includeInIndex = 0; path = "문자열 배열"; sourceTree = BUILT_PRODUCTS_DIR; };
		15476DD528FD9CF70024A6C5 /* string1.c */ = {isa = PBXFileReference; lastKnownFileType = sourcecode.c.c; path = string1.c; sourceTree = "<group>"; };
		15476DDC28FD9DD90024A6C5 /* string2.c */ = {isa = PBXFileReference; fileEncoding = 4; lastKnownFileType = sourcecode.c.c; name = string2.c; path = "../../../../../Downloads/SWCC2-3/string2.c"; sourceTree = "<group>"; };
		15476DE228FDA0680024A6C5 /* string3.c */ = {isa = PBXFileReference; lastKnownFileType = sourcecode.c.c; path = string3.c; sourceTree = "<group>"; };
		15476DE428FDA0820024A6C5 /* char_io1.c */ = {isa = PBXFileReference; lastKnownFileType = sourcecode.c.c; path = char_io1.c; sourceTree = "<group>"; };
		15476DE728FDA15E0024A6C5 /* string_io.c */ = {isa = PBXFileReference; lastKnownFileType = sourcecode.c.c; path = string_io.c; sourceTree = "<group>"; };
		15476DE928FDA35C0024A6C5 /* strlen.c */ = {isa = PBXFileReference; lastKnownFileType = sourcecode.c.c; path = strlen.c; sourceTree = "<group>"; };
		15476DEB28FDA3D50024A6C5 /* strcpy.c */ = {isa = PBXFileReference; lastKnownFileType = sourcecode.c.c; path = strcpy.c; sourceTree = "<group>"; };
		15476DED28FDA4110024A6C5 /* 문자등장횟수.c */ = {isa = PBXFileReference; lastKnownFileType = sourcecode.c.c; path = "문자등장횟수.c"; sourceTree = "<group>"; };
		15476DEF28FE464C0024A6C5 /* 두개이상의 공백 삭제.c */ = {isa = PBXFileReference; lastKnownFileType = sourcecode.c.c; path = "두개이상의 공백 삭제.c"; sourceTree = "<group>"; };
		1547EFF2292B66120032AD6D /* 암호확인.c */ = {isa = PBXFileReference; fileEncoding = 4; lastKnownFileType = sourcecode.c.c; name = "암호확인.c"; path = "../../C_4/C_4/암호확인.c"; sourceTree = "<group>"; };
		1547EFF3292B66120032AD6D /* 대문자만들기.c */ = {isa = PBXFileReference; fileEncoding = 4; lastKnownFileType = sourcecode.c.c; name = "대문자만들기.c"; path = "../../C_4/C_4/대문자만들기.c"; sourceTree = "<group>"; };
		1547EFF4292B66120032AD6D /* array_of_string.c */ = {isa = PBXFileReference; fileEncoding = 4; lastKnownFileType = sourcecode.c.c; name = array_of_string.c; path = "../../../../../OneDrive - 단국대학교/22-2학기/융합코딩2/SWCC2-4/array_of_string.c"; sourceTree = "<group>"; };
		1547EFF5292B66120032AD6D /* 한영사전.c */ = {isa = PBXFileReference; fileEncoding = 4; lastKnownFileType = sourcecode.c.c; name = "한영사전.c"; path = "../../포인터/포인터/한영사전.c"; sourceTree = "<group>"; };
		1547EFF6292B66120032AD6D /* 문자열 거꾸로.c */ = {isa = PBXFileReference; fileEncoding = 4; lastKnownFileType = sourcecode.c.c; name = "문자열 거꾸로.c"; path = "../../C_4/C_4/문자열 거꾸로.c"; sourceTree = "<group>"; };
		1547EFF7292B66120032AD6D /* strcmp.c */ = {isa = PBXFileReference; fileEncoding = 4; lastKnownFileType = sourcecode.c.c; name = strcmp.c; path = "../../../../../OneDrive - 단국대학교/22-2학기/융합코딩2/SWCC2-4/strcmp.c"; sourceTree = "<group>"; };
		1547EFF8292B66120032AD6D /* fav_fruit.c */ = {isa = PBXFileReference; fileEncoding = 4; lastKnownFileType = sourcecode.c.c; name = fav_fruit.c; path = "../../../../../OneDrive - 단국대학교/22-2학기/융합코딩2/SWCC2-4/fav_fruit.c"; sourceTree = "<group>"; };
		15FB02BE28FFD81800F89320 /* 모음 삭제.c */ = {isa = PBXFileReference; lastKnownFileType = sourcecode.c.c; path = "모음 삭제.c"; sourceTree = "<group>"; };
/* End PBXFileReference section */

/* Begin PBXFrameworksBuildPhase section */
		15476DCF28FD9CF70024A6C5 /* Frameworks */ = {
			isa = PBXFrameworksBuildPhase;
			buildActionMask = 2147483647;
			files = (
			);
			runOnlyForDeploymentPostprocessing = 0;
		};
/* End PBXFrameworksBuildPhase section */

/* Begin PBXGroup section */
		15476DC928FD9CF70024A6C5 = {
			isa = PBXGroup;
			children = (
				15476DD428FD9CF70024A6C5 /* 문자열 배열 */,
				15476DD328FD9CF70024A6C5 /* Products */,
			);
			sourceTree = "<group>";
		};
		15476DD328FD9CF70024A6C5 /* Products */ = {
			isa = PBXGroup;
			children = (
				15476DD228FD9CF70024A6C5 /* 문자열 배열 */,
			);
			name = Products;
			sourceTree = "<group>";
		};
		15476DD428FD9CF70024A6C5 /* 문자열 배열 */ = {
			isa = PBXGroup;
			children = (
				15476DD528FD9CF70024A6C5 /* string1.c */,
				15476DDC28FD9DD90024A6C5 /* string2.c */,
				15476DE228FDA0680024A6C5 /* string3.c */,
				15476DE428FDA0820024A6C5 /* char_io1.c */,
				15476DE728FDA15E0024A6C5 /* string_io.c */,
				15476DE928FDA35C0024A6C5 /* strlen.c */,
				15476DEB28FDA3D50024A6C5 /* strcpy.c */,
				15476DED28FDA4110024A6C5 /* 문자등장횟수.c */,
				15476DEF28FE464C0024A6C5 /* 두개이상의 공백 삭제.c */,
				15FB02BE28FFD81800F89320 /* 모음 삭제.c */,
				1547EFF3292B66120032AD6D /* 대문자만들기.c */,
				1547EFF6292B66120032AD6D /* 문자열 거꾸로.c */,
				1547EFF2292B66120032AD6D /* 암호확인.c */,
				1547EFF5292B66120032AD6D /* 한영사전.c */,
				1547EFF4292B66120032AD6D /* array_of_string.c */,
				1547EFF8292B66120032AD6D /* fav_fruit.c */,
				1547EFF7292B66120032AD6D /* strcmp.c */,
			);
			name = "문자열 배열";
			path = "문자열 배열";
			sourceTree = "<group>";
		};
/* End PBXGroup section */

/* Begin PBXNativeTarget section */
		15476DD128FD9CF70024A6C5 /* 문자열 배열 */ = {
			isa = PBXNativeTarget;
			buildConfigurationList = 15476DD928FD9CF70024A6C5 /* Build configuration list for PBXNativeTarget "문자열 배열" */;
			buildPhases = (
				15476DCE28FD9CF70024A6C5 /* Sources */,
				15476DCF28FD9CF70024A6C5 /* Frameworks */,
				15476DD028FD9CF70024A6C5 /* CopyFiles */,
			);
			buildRules = (
			);
			dependencies = (
			);
			name = "문자열 배열";
			productName = C_3;
			productReference = 15476DD228FD9CF70024A6C5 /* 문자열 배열 */;
			productType = "com.apple.product-type.tool";
		};
/* End PBXNativeTarget section */

/* Begin PBXProject section */
		15476DCA28FD9CF70024A6C5 /* Project object */ = {
			isa = PBXProject;
			attributes = {
				BuildIndependentTargetsInParallel = 1;
				LastUpgradeCheck = 1330;
				TargetAttributes = {
					15476DD128FD9CF70024A6C5 = {
						CreatedOnToolsVersion = 13.3;
					};
				};
			};
			buildConfigurationList = 15476DCD28FD9CF70024A6C5 /* Build configuration list for PBXProject "문자열 배열" */;
			compatibilityVersion = "Xcode 13.0";
			developmentRegion = en;
			hasScannedForEncodings = 0;
			knownRegions = (
				en,
				Base,
			);
			mainGroup = 15476DC928FD9CF70024A6C5;
			productRefGroup = 15476DD328FD9CF70024A6C5 /* Products */;
			projectDirPath = "";
			projectRoot = "";
			targets = (
				15476DD128FD9CF70024A6C5 /* 문자열 배열 */,
			);
		};
/* End PBXProject section */

/* Begin PBXSourcesBuildPhase section */
		15476DCE28FD9CF70024A6C5 /* Sources */ = {
			isa = PBXSourcesBuildPhase;
			buildActionMask = 2147483647;
			files = (
				15FB02C128FFF39B00F89320 /* 모음 삭제.c in Sources */,
				1547EFFE292B66120032AD6D /* strcmp.c in Sources */,
				1547EFFF292B66120032AD6D /* fav_fruit.c in Sources */,
				1547EFF9292B66120032AD6D /* 암호확인.c in Sources */,
				1547EFFA292B66120032AD6D /* 대문자만들기.c in Sources */,
				1547EFFD292B66120032AD6D /* 문자열 거꾸로.c in Sources */,
				1547EFFB292B66120032AD6D /* array_of_string.c in Sources */,
				1547EFFC292B66120032AD6D /* 한영사전.c in Sources */,
			);
			runOnlyForDeploymentPostprocessing = 0;
		};
/* End PBXSourcesBuildPhase section */

/* Begin XCBuildConfiguration section */
		15476DD728FD9CF70024A6C5 /* Debug */ = {
			isa = XCBuildConfiguration;
			buildSettings = {
				ALWAYS_SEARCH_USER_PATHS = NO;
				CLANG_ANALYZER_NONNULL = YES;
				CLANG_ANALYZER_NUMBER_OBJECT_CONVERSION = YES_AGGRESSIVE;
				CLANG_CXX_LANGUAGE_STANDARD = "gnu++17";
				CLANG_ENABLE_MODULES = YES;
				CLANG_ENABLE_OBJC_ARC = YES;
				CLANG_ENABLE_OBJC_WEAK = YES;
				CLANG_WARN_BLOCK_CAPTURE_AUTORELEASING = YES;
				CLANG_WARN_BOOL_CONVERSION = YES;
				CLANG_WARN_COMMA = YES;
				CLANG_WARN_CONSTANT_CONVERSION = YES;
				CLANG_WARN_DEPRECATED_OBJC_IMPLEMENTATIONS = YES;
				CLANG_WARN_DIRECT_OBJC_ISA_USAGE = YES_ERROR;
				CLANG_WARN_DOCUMENTATION_COMMENTS = YES;
				CLANG_WARN_EMPTY_BODY = YES;
				CLANG_WARN_ENUM_CONVERSION = YES;
				CLANG_WARN_INFINITE_RECURSION = YES;
				CLANG_WARN_INT_CONVERSION = YES;
				CLANG_WARN_NON_LITERAL_NULL_CONVERSION = YES;
				CLANG_WARN_OBJC_IMPLICIT_RETAIN_SELF = YES;
				CLANG_WARN_OBJC_LITERAL_CONVERSION = YES;
				CLANG_WARN_OBJC_ROOT_CLASS = YES_ERROR;
				CLANG_WARN_QUOTED_INCLUDE_IN_FRAMEWORK_HEADER = YES;
				CLANG_WARN_RANGE_LOOP_ANALYSIS = YES;
				CLANG_WARN_STRICT_PROTOTYPES = YES;
				CLANG_WARN_SUSPICIOUS_MOVE = YES;
				CLANG_WARN_UNGUARDED_AVAILABILITY = YES_AGGRESSIVE;
				CLANG_WARN_UNREACHABLE_CODE = YES;
				CLANG_WARN__DUPLICATE_METHOD_MATCH = YES;
				COPY_PHASE_STRIP = NO;
				DEBUG_INFORMATION_FORMAT = dwarf;
				ENABLE_STRICT_OBJC_MSGSEND = YES;
				ENABLE_TESTABILITY = YES;
				GCC_C_LANGUAGE_STANDARD = gnu11;
				GCC_DYNAMIC_NO_PIC = NO;
				GCC_NO_COMMON_BLOCKS = YES;
				GCC_OPTIMIZATION_LEVEL = 0;
				GCC_PREPROCESSOR_DEFINITIONS = (
					"DEBUG=1",
					"$(inherited)",
				);
				GCC_WARN_64_TO_32_BIT_CONVERSION = YES;
				GCC_WARN_ABOUT_RETURN_TYPE = YES_ERROR;
				GCC_WARN_UNDECLARED_SELECTOR = YES;
				GCC_WARN_UNINITIALIZED_AUTOS = YES_AGGRESSIVE;
				GCC_WARN_UNUSED_FUNCTION = YES;
				GCC_WARN_UNUSED_VARIABLE = YES;
				MACOSX_DEPLOYMENT_TARGET = 12.0;
				MTL_ENABLE_DEBUG_INFO = INCLUDE_SOURCE;
				MTL_FAST_MATH = YES;
				ONLY_ACTIVE_ARCH = YES;
				SDKROOT = macosx;
			};
			name = Debug;
		};
		15476DD828FD9CF70024A6C5 /* Release */ = {
			isa = XCBuildConfiguration;
			buildSettings = {
				ALWAYS_SEARCH_USER_PATHS = NO;
				CLANG_ANALYZER_NONNULL = YES;
				CLANG_ANALYZER_NUMBER_OBJECT_CONVERSION = YES_AGGRESSIVE;
				CLANG_CXX_LANGUAGE_STANDARD = "gnu++17";
				CLANG_ENABLE_MODULES = YES;
				CLANG_ENABLE_OBJC_ARC = YES;
				CLANG_ENABLE_OBJC_WEAK = YES;
				CLANG_WARN_BLOCK_CAPTURE_AUTORELEASING = YES;
				CLANG_WARN_BOOL_CONVERSION = YES;
				CLANG_WARN_COMMA = YES;
				CLANG_WARN_CONSTANT_CONVERSION = YES;
				CLANG_WARN_DEPRECATED_OBJC_IMPLEMENTATIONS = YES;
				CLANG_WARN_DIRECT_OBJC_ISA_USAGE = YES_ERROR;
				CLANG_WARN_DOCUMENTATION_COMMENTS = YES;
				CLANG_WARN_EMPTY_BODY = YES;
				CLANG_WARN_ENUM_CONVERSION = YES;
				CLANG_WARN_INFINITE_RECURSION = YES;
				CLANG_WARN_INT_CONVERSION = YES;
				CLANG_WARN_NON_LITERAL_NULL_CONVERSION = YES;
				CLANG_WARN_OBJC_IMPLICIT_RETAIN_SELF = YES;
				CLANG_WARN_OBJC_LITERAL_CONVERSION = YES;
				CLANG_WARN_OBJC_ROOT_CLASS = YES_ERROR;
				CLANG_WARN_QUOTED_INCLUDE_IN_FRAMEWORK_HEADER = YES;
				CLANG_WARN_RANGE_LOOP_ANALYSIS = YES;
				CLANG_WARN_STRICT_PROTOTYPES = YES;
				CLANG_WARN_SUSPICIOUS_MOVE = YES;
				CLANG_WARN_UNGUARDED_AVAILABILITY = YES_AGGRESSIVE;
				CLANG_WARN_UNREACHABLE_CODE = YES;
				CLANG_WARN__DUPLICATE_METHOD_MATCH = YES;
				COPY_PHASE_STRIP = NO;
				DEBUG_INFORMATION_FORMAT = "dwarf-with-dsym";
				ENABLE_NS_ASSERTIONS = NO;
				ENABLE_STRICT_OBJC_MSGSEND = YES;
				GCC_C_LANGUAGE_STANDARD = gnu11;
				GCC_NO_COMMON_BLOCKS = YES;
				GCC_WARN_64_TO_32_BIT_CONVERSION = YES;
				GCC_WARN_ABOUT_RETURN_TYPE = YES_ERROR;
				GCC_WARN_UNDECLARED_SELECTOR = YES;
				GCC_WARN_UNINITIALIZED_AUTOS = YES_AGGRESSIVE;
				GCC_WARN_UNUSED_FUNCTION = YES;
				GCC_WARN_UNUSED_VARIABLE = YES;
				MACOSX_DEPLOYMENT_TARGET = 12.0;
				MTL_ENABLE_DEBUG_INFO = NO;
				MTL_FAST_MATH = YES;
				SDKROOT = macosx;
			};
			name = Release;
		};
		15476DDA28FD9CF70024A6C5 /* Debug */ = {
			isa = XCBuildConfiguration;
			buildSettings = {
				CODE_SIGN_STYLE = Automatic;
				PRODUCT_NAME = "$(TARGET_NAME)";
			};
			name = Debug;
		};
		15476DDB28FD9CF70024A6C5 /* Release */ = {
			isa = XCBuildConfiguration;
			buildSettings = {
				CODE_SIGN_STYLE = Automatic;
				PRODUCT_NAME = "$(TARGET_NAME)";
			};
			name = Release;
		};
/* End XCBuildConfiguration section */

/* Begin XCConfigurationList section */
		15476DCD28FD9CF70024A6C5 /* Build configuration list for PBXProject "문자열 배열" */ = {
			isa = XCConfigurationList;
			buildConfigurations = (
				15476DD728FD9CF70024A6C5 /* Debug */,
				15476DD828FD9CF70024A6C5 /* Release */,
			);
			defaultConfigurationIsVisible = 0;
			defaultConfigurationName = Release;
		};
		15476DD928FD9CF70024A6C5 /* Build configuration list for PBXNativeTarget "문자열 배열" */ = {
			isa = XCConfigurationList;
			buildConfigurations = (
				15476DDA28FD9CF70024A6C5 /* Debug */,
				15476DDB28FD9CF70024A6C5 /* Release */,
			);
			defaultConfigurationIsVisible = 0;
			defaultConfigurationName = Release;
		};
/* End XCConfigurationList section */
	};
	rootObject = 15476DCA28FD9CF70024A6C5 /* Project object */;
}
