// !$*UTF8*$!
{
	archiveVersion = 1;
	classes = {
	};
	objectVersion = 55;
	objects = {

/* Begin PBXBuildFile section */
		15D9EAB02905310C007D952B /* fav_food.c in Sources */ = {isa = PBXBuildFile; fileRef = 154FF6FB28FD3F4A00CE2090 /* fav_food.c */; };
/* End PBXBuildFile section */

/* Begin PBXCopyFilesBuildPhase section */
		15B7709D28E30692001E24B1 /* CopyFiles */ = {
			isa = PBXCopyFilesBuildPhase;
			buildActionMask = 2147483647;
			dstPath = /usr/share/man/man1/;
			dstSubfolderSpec = 0;
			files = (
			);
			runOnlyForDeploymentPostprocessing = 1;
		};
/* End PBXCopyFilesBuildPhase section */

/* Begin PBXFileReference section */
		154FF6F128FD303C00CE2090 /* pointer_arith1.c */ = {isa = PBXFileReference; lastKnownFileType = sourcecode.c.c; path = pointer_arith1.c; sourceTree = "<group>"; };
		154FF6F328FD382700CE2090 /* 문자열 연결.c */ = {isa = PBXFileReference; lastKnownFileType = sourcecode.c.c; path = "문자열 연결.c"; sourceTree = "<group>"; };
		154FF6F528FD399E00CE2090 /* 문자열 비교.c */ = {isa = PBXFileReference; lastKnownFileType = sourcecode.c.c; path = "문자열 비교.c"; sourceTree = "<group>"; };
		154FF6F728FD3B3700CE2090 /* 문자열 수치로 변환.c */ = {isa = PBXFileReference; lastKnownFileType = sourcecode.c.c; path = "문자열 수치로 변환.c"; sourceTree = "<group>"; };
		154FF6F928FD3C5000CE2090 /* char_ptr.c */ = {isa = PBXFileReference; lastKnownFileType = sourcecode.c.c; path = char_ptr.c; sourceTree = "<group>"; };
		154FF6FB28FD3F4A00CE2090 /* fav_food.c */ = {isa = PBXFileReference; lastKnownFileType = sourcecode.c.c; path = fav_food.c; sourceTree = "<group>"; };
		154FF6FD28FD436200CE2090 /* hangman.c */ = {isa = PBXFileReference; lastKnownFileType = sourcecode.c.c; path = hangman.c; sourceTree = "<group>"; };
		154FF70228FD47DD00CE2090 /* 메뉴출력.c */ = {isa = PBXFileReference; lastKnownFileType = sourcecode.c.c; path = "메뉴출력.c"; sourceTree = "<group>"; };
		154FF70428FD4B5000CE2090 /* 한영사전.c */ = {isa = PBXFileReference; lastKnownFileType = sourcecode.c.c; path = "한영사전.c"; sourceTree = "<group>"; };
		15B7709F28E30692001E24B1 /* 포인터 */ = {isa = PBXFileReference; explicitFileType = "compiled.mach-o.executable"; includeInIndex = 0; path = "포인터"; sourceTree = BUILT_PRODUCTS_DIR; };
		15B770A228E30692001E24B1 /* 포인터기본내용.c */ = {isa = PBXFileReference; lastKnownFileType = sourcecode.c.c; path = "포인터기본내용.c"; sourceTree = "<group>"; };
		15B770AA28E30709001E24B1 /* call by value와 reference.c */ = {isa = PBXFileReference; lastKnownFileType = sourcecode.c.c; path = "call by value와 reference.c"; sourceTree = "<group>"; };
		15B770AD28E3086F001E24B1 /* Swap.c */ = {isa = PBXFileReference; lastKnownFileType = sourcecode.c.c; path = Swap.c; sourceTree = "<group>"; };
/* End PBXFileReference section */

/* Begin PBXFrameworksBuildPhase section */
		15B7709C28E30692001E24B1 /* Frameworks */ = {
			isa = PBXFrameworksBuildPhase;
			buildActionMask = 2147483647;
			files = (
			);
			runOnlyForDeploymentPostprocessing = 0;
		};
/* End PBXFrameworksBuildPhase section */

/* Begin PBXGroup section */
		15B7709628E30692001E24B1 = {
			isa = PBXGroup;
			children = (
				15B770A128E30692001E24B1 /* 포인터 */,
				15B770A028E30692001E24B1 /* Products */,
			);
			sourceTree = "<group>";
		};
		15B770A028E30692001E24B1 /* Products */ = {
			isa = PBXGroup;
			children = (
				15B7709F28E30692001E24B1 /* 포인터 */,
			);
			name = Products;
			sourceTree = "<group>";
		};
		15B770A128E30692001E24B1 /* 포인터 */ = {
			isa = PBXGroup;
			children = (
				15B770A228E30692001E24B1 /* 포인터기본내용.c */,
				154FF6F128FD303C00CE2090 /* pointer_arith1.c */,
				15B770AA28E30709001E24B1 /* call by value와 reference.c */,
				15B770AD28E3086F001E24B1 /* Swap.c */,
				154FF6F328FD382700CE2090 /* 문자열 연결.c */,
				154FF6F528FD399E00CE2090 /* 문자열 비교.c */,
				154FF6F728FD3B3700CE2090 /* 문자열 수치로 변환.c */,
				154FF6F928FD3C5000CE2090 /* char_ptr.c */,
				154FF6FD28FD436200CE2090 /* hangman.c */,
				154FF6FB28FD3F4A00CE2090 /* fav_food.c */,
				154FF70228FD47DD00CE2090 /* 메뉴출력.c */,
				154FF70428FD4B5000CE2090 /* 한영사전.c */,
			);
			path = "포인터";
			sourceTree = "<group>";
		};
/* End PBXGroup section */

/* Begin PBXNativeTarget section */
		15B7709E28E30692001E24B1 /* 포인터 */ = {
			isa = PBXNativeTarget;
			buildConfigurationList = 15B770A628E30692001E24B1 /* Build configuration list for PBXNativeTarget "포인터" */;
			buildPhases = (
				15B7709B28E30692001E24B1 /* Sources */,
				15B7709C28E30692001E24B1 /* Frameworks */,
				15B7709D28E30692001E24B1 /* CopyFiles */,
			);
			buildRules = (
			);
			dependencies = (
			);
			name = "포인터";
			productName = "포인터";
			productReference = 15B7709F28E30692001E24B1 /* 포인터 */;
			productType = "com.apple.product-type.tool";
		};
/* End PBXNativeTarget section */

/* Begin PBXProject section */
		15B7709728E30692001E24B1 /* Project object */ = {
			isa = PBXProject;
			attributes = {
				BuildIndependentTargetsInParallel = 1;
				LastUpgradeCheck = 1330;
				TargetAttributes = {
					15B7709E28E30692001E24B1 = {
						CreatedOnToolsVersion = 13.3;
					};
				};
			};
			buildConfigurationList = 15B7709A28E30692001E24B1 /* Build configuration list for PBXProject "포인터" */;
			compatibilityVersion = "Xcode 13.0";
			developmentRegion = en;
			hasScannedForEncodings = 0;
			knownRegions = (
				en,
				Base,
			);
			mainGroup = 15B7709628E30692001E24B1;
			productRefGroup = 15B770A028E30692001E24B1 /* Products */;
			projectDirPath = "";
			projectRoot = "";
			targets = (
				15B7709E28E30692001E24B1 /* 포인터 */,
			);
		};
/* End PBXProject section */

/* Begin PBXSourcesBuildPhase section */
		15B7709B28E30692001E24B1 /* Sources */ = {
			isa = PBXSourcesBuildPhase;
			buildActionMask = 2147483647;
			files = (
				15D9EAB02905310C007D952B /* fav_food.c in Sources */,
			);
			runOnlyForDeploymentPostprocessing = 0;
		};
/* End PBXSourcesBuildPhase section */

/* Begin XCBuildConfiguration section */
		15B770A428E30692001E24B1 /* Debug */ = {
			isa = XCBuildConfiguration;
			buildSettings = {
				ALWAYS_SEARCH_USER_PATHS = NO;
				CLANG_ANALYZER_NONNULL = YES;
				CLANG_ANALYZER_NUMBER_OBJECT_CONVERSION = YES_AGGRESSIVE;
				CLANG_CXX_LANGUAGE_STANDARD = "gnu++17";
				CLANG_ENABLE_MODULES = YES;
				CLANG_ENABLE_OBJC_ARC = YES;
				CLANG_ENABLE_OBJC_WEAK = YES;
				CLANG_WARN_BLOCK_CAPTURE_AUTORELEASING = YES;
				CLANG_WARN_BOOL_CONVERSION = YES;
				CLANG_WARN_COMMA = YES;
				CLANG_WARN_CONSTANT_CONVERSION = YES;
				CLANG_WARN_DEPRECATED_OBJC_IMPLEMENTATIONS = YES;
				CLANG_WARN_DIRECT_OBJC_ISA_USAGE = YES_ERROR;
				CLANG_WARN_DOCUMENTATION_COMMENTS = YES;
				CLANG_WARN_EMPTY_BODY = YES;
				CLANG_WARN_ENUM_CONVERSION = YES;
				CLANG_WARN_INFINITE_RECURSION = YES;
				CLANG_WARN_INT_CONVERSION = YES;
				CLANG_WARN_NON_LITERAL_NULL_CONVERSION = YES;
				CLANG_WARN_OBJC_IMPLICIT_RETAIN_SELF = YES;
				CLANG_WARN_OBJC_LITERAL_CONVERSION = YES;
				CLANG_WARN_OBJC_ROOT_CLASS = YES_ERROR;
				CLANG_WARN_QUOTED_INCLUDE_IN_FRAMEWORK_HEADER = YES;
				CLANG_WARN_RANGE_LOOP_ANALYSIS = YES;
				CLANG_WARN_STRICT_PROTOTYPES = YES;
				CLANG_WARN_SUSPICIOUS_MOVE = YES;
				CLANG_WARN_UNGUARDED_AVAILABILITY = YES_AGGRESSIVE;
				CLANG_WARN_UNREACHABLE_CODE = YES;
				CLANG_WARN__DUPLICATE_METHOD_MATCH = YES;
				COPY_PHASE_STRIP = NO;
				DEBUG_INFORMATION_FORMAT = dwarf;
				ENABLE_STRICT_OBJC_MSGSEND = YES;
				ENABLE_TESTABILITY = YES;
				GCC_C_LANGUAGE_STANDARD = gnu11;
				GCC_DYNAMIC_NO_PIC = NO;
				GCC_NO_COMMON_BLOCKS = YES;
				GCC_OPTIMIZATION_LEVEL = 0;
				GCC_PREPROCESSOR_DEFINITIONS = (
					"DEBUG=1",
					"$(inherited)",
				);
				GCC_WARN_64_TO_32_BIT_CONVERSION = YES;
				GCC_WARN_ABOUT_RETURN_TYPE = YES_ERROR;
				GCC_WARN_UNDECLARED_SELECTOR = YES;
				GCC_WARN_UNINITIALIZED_AUTOS = YES_AGGRESSIVE;
				GCC_WARN_UNUSED_FUNCTION = YES;
				GCC_WARN_UNUSED_VARIABLE = YES;
				MACOSX_DEPLOYMENT_TARGET = 12.0;
				MTL_ENABLE_DEBUG_INFO = INCLUDE_SOURCE;
				MTL_FAST_MATH = YES;
				ONLY_ACTIVE_ARCH = YES;
				SDKROOT = macosx;
			};
			name = Debug;
		};
		15B770A528E30692001E24B1 /* Release */ = {
			isa = XCBuildConfiguration;
			buildSettings = {
				ALWAYS_SEARCH_USER_PATHS = NO;
				CLANG_ANALYZER_NONNULL = YES;
				CLANG_ANALYZER_NUMBER_OBJECT_CONVERSION = YES_AGGRESSIVE;
				CLANG_CXX_LANGUAGE_STANDARD = "gnu++17";
				CLANG_ENABLE_MODULES = YES;
				CLANG_ENABLE_OBJC_ARC = YES;
				CLANG_ENABLE_OBJC_WEAK = YES;
				CLANG_WARN_BLOCK_CAPTURE_AUTORELEASING = YES;
				CLANG_WARN_BOOL_CONVERSION = YES;
				CLANG_WARN_COMMA = YES;
				CLANG_WARN_CONSTANT_CONVERSION = YES;
				CLANG_WARN_DEPRECATED_OBJC_IMPLEMENTATIONS = YES;
				CLANG_WARN_DIRECT_OBJC_ISA_USAGE = YES_ERROR;
				CLANG_WARN_DOCUMENTATION_COMMENTS = YES;
				CLANG_WARN_EMPTY_BODY = YES;
				CLANG_WARN_ENUM_CONVERSION = YES;
				CLANG_WARN_INFINITE_RECURSION = YES;
				CLANG_WARN_INT_CONVERSION = YES;
				CLANG_WARN_NON_LITERAL_NULL_CONVERSION = YES;
				CLANG_WARN_OBJC_IMPLICIT_RETAIN_SELF = YES;
				CLANG_WARN_OBJC_LITERAL_CONVERSION = YES;
				CLANG_WARN_OBJC_ROOT_CLASS = YES_ERROR;
				CLANG_WARN_QUOTED_INCLUDE_IN_FRAMEWORK_HEADER = YES;
				CLANG_WARN_RANGE_LOOP_ANALYSIS = YES;
				CLANG_WARN_STRICT_PROTOTYPES = YES;
				CLANG_WARN_SUSPICIOUS_MOVE = YES;
				CLANG_WARN_UNGUARDED_AVAILABILITY = YES_AGGRESSIVE;
				CLANG_WARN_UNREACHABLE_CODE = YES;
				CLANG_WARN__DUPLICATE_METHOD_MATCH = YES;
				COPY_PHASE_STRIP = NO;
				DEBUG_INFORMATION_FORMAT = "dwarf-with-dsym";
				ENABLE_NS_ASSERTIONS = NO;
				ENABLE_STRICT_OBJC_MSGSEND = YES;
				GCC_C_LANGUAGE_STANDARD = gnu11;
				GCC_NO_COMMON_BLOCKS = YES;
				GCC_WARN_64_TO_32_BIT_CONVERSION = YES;
				GCC_WARN_ABOUT_RETURN_TYPE = YES_ERROR;
				GCC_WARN_UNDECLARED_SELECTOR = YES;
				GCC_WARN_UNINITIALIZED_AUTOS = YES_AGGRESSIVE;
				GCC_WARN_UNUSED_FUNCTION = YES;
				GCC_WARN_UNUSED_VARIABLE = YES;
				MACOSX_DEPLOYMENT_TARGET = 12.0;
				MTL_ENABLE_DEBUG_INFO = NO;
				MTL_FAST_MATH = YES;
				SDKROOT = macosx;
			};
			name = Release;
		};
		15B770A728E30692001E24B1 /* Debug */ = {
			isa = XCBuildConfiguration;
			buildSettings = {
				CODE_SIGN_STYLE = Automatic;
				PRODUCT_NAME = "$(TARGET_NAME)";
			};
			name = Debug;
		};
		15B770A828E30692001E24B1 /* Release */ = {
			isa = XCBuildConfiguration;
			buildSettings = {
				CODE_SIGN_STYLE = Automatic;
				PRODUCT_NAME = "$(TARGET_NAME)";
			};
			name = Release;
		};
/* End XCBuildConfiguration section */

/* Begin XCConfigurationList section */
		15B7709A28E30692001E24B1 /* Build configuration list for PBXProject "포인터" */ = {
			isa = XCConfigurationList;
			buildConfigurations = (
				15B770A428E30692001E24B1 /* Debug */,
				15B770A528E30692001E24B1 /* Release */,
			);
			defaultConfigurationIsVisible = 0;
			defaultConfigurationName = Release;
		};
		15B770A628E30692001E24B1 /* Build configuration list for PBXNativeTarget "포인터" */ = {
			isa = XCConfigurationList;
			buildConfigurations = (
				15B770A728E30692001E24B1 /* Debug */,
				15B770A828E30692001E24B1 /* Release */,
			);
			defaultConfigurationIsVisible = 0;
			defaultConfigurationName = Release;
		};
/* End XCConfigurationList section */
	};
	rootObject = 15B7709728E30692001E24B1 /* Project object */;
}
