// !$*UTF8*$!
{
	archiveVersion = 1;
	classes = {
	};
	objectVersion = 55;
	objects = {

/* Begin PBXBuildFile section */
		1555339229505143008EB989 /* calculation.c in Sources */ = {isa = PBXBuildFile; fileRef = 1555339129505143008EB989 /* calculation.c */; };
		1555339829505227008EB989 /* add.c in Sources */ = {isa = PBXBuildFile; fileRef = 1555339729505227008EB989 /* add.c */; };
/* End PBXBuildFile section */

/* Begin PBXCopyFilesBuildPhase section */
		15C1E87B294C52FC0069305F /* CopyFiles */ = {
			isa = PBXCopyFilesBuildPhase;
			buildActionMask = 2147483647;
			dstPath = /usr/share/man/man1/;
			dstSubfolderSpec = 0;
			files = (
			);
			runOnlyForDeploymentPostprocessing = 1;
		};
/* End PBXCopyFilesBuildPhase section */

/* Begin PBXFileReference section */
		1555339129505143008EB989 /* calculation.c */ = {isa = PBXFileReference; lastKnownFileType = sourcecode.c.c; path = calculation.c; sourceTree = "<group>"; };
		1555339629505227008EB989 /* add.h */ = {isa = PBXFileReference; lastKnownFileType = sourcecode.c.h; path = add.h; sourceTree = "<group>"; };
		1555339729505227008EB989 /* add.c */ = {isa = PBXFileReference; lastKnownFileType = sourcecode.c.c; path = add.c; sourceTree = "<group>"; };
		15C1E87D294C52FC0069305F /* 전처리컴파일 */ = {isa = PBXFileReference; explicitFileType = "compiled.mach-o.executable"; includeInIndex = 0; path = "전처리컴파일"; sourceTree = BUILT_PRODUCTS_DIR; };
		15C1E880294C52FC0069305F /* and_or.c */ = {isa = PBXFileReference; lastKnownFileType = sourcecode.c.c; path = and_or.c; sourceTree = "<group>"; };
		15C1E887294C56430069305F /* macro1.c */ = {isa = PBXFileReference; lastKnownFileType = sourcecode.c.c; path = macro1.c; sourceTree = "<group>"; };
		15C1E889294C598F0069305F /* macro.c */ = {isa = PBXFileReference; lastKnownFileType = sourcecode.c.c; path = macro.c; sourceTree = "<group>"; };
		15C1E88C294C5CBD0069305F /* Pc1.c */ = {isa = PBXFileReference; lastKnownFileType = sourcecode.c.c; path = Pc1.c; sourceTree = "<group>"; };
/* End PBXFileReference section */

/* Begin PBXFrameworksBuildPhase section */
		15C1E87A294C52FC0069305F /* Frameworks */ = {
			isa = PBXFrameworksBuildPhase;
			buildActionMask = 2147483647;
			files = (
			);
			runOnlyForDeploymentPostprocessing = 0;
		};
/* End PBXFrameworksBuildPhase section */

/* Begin PBXGroup section */
		1555339029505121008EB989 /* New Group */ = {
			isa = PBXGroup;
			children = (
				1555339129505143008EB989 /* calculation.c */,
				1555339629505227008EB989 /* add.h */,
				1555339729505227008EB989 /* add.c */,
			);
			path = "New Group";
			sourceTree = "<group>";
		};
		15C1E874294C52FC0069305F = {
			isa = PBXGroup;
			children = (
				1555339029505121008EB989 /* New Group */,
				15C1E87F294C52FC0069305F /* 전처리컴파일 */,
				15C1E87E294C52FC0069305F /* Products */,
			);
			sourceTree = "<group>";
		};
		15C1E87E294C52FC0069305F /* Products */ = {
			isa = PBXGroup;
			children = (
				15C1E87D294C52FC0069305F /* 전처리컴파일 */,
			);
			name = Products;
			sourceTree = "<group>";
		};
		15C1E87F294C52FC0069305F /* 전처리컴파일 */ = {
			isa = PBXGroup;
			children = (
				15C1E880294C52FC0069305F /* and_or.c */,
				15C1E887294C56430069305F /* macro1.c */,
				15C1E889294C598F0069305F /* macro.c */,
				15C1E88C294C5CBD0069305F /* Pc1.c */,
			);
			path = "전처리컴파일";
			sourceTree = "<group>";
		};
/* End PBXGroup section */

/* Begin PBXNativeTarget section */
		15C1E87C294C52FC0069305F /* 전처리컴파일 */ = {
			isa = PBXNativeTarget;
			buildConfigurationList = 15C1E884294C52FC0069305F /* Build configuration list for PBXNativeTarget "전처리컴파일" */;
			buildPhases = (
				15C1E879294C52FC0069305F /* Sources */,
				15C1E87A294C52FC0069305F /* Frameworks */,
				15C1E87B294C52FC0069305F /* CopyFiles */,
			);
			buildRules = (
			);
			dependencies = (
			);
			name = "전처리컴파일";
			productName = "전처리컴파일";
			productReference = 15C1E87D294C52FC0069305F /* 전처리컴파일 */;
			productType = "com.apple.product-type.tool";
		};
/* End PBXNativeTarget section */

/* Begin PBXProject section */
		15C1E875294C52FC0069305F /* Project object */ = {
			isa = PBXProject;
			attributes = {
				BuildIndependentTargetsInParallel = 1;
				LastUpgradeCheck = 1330;
				TargetAttributes = {
					15C1E87C294C52FC0069305F = {
						CreatedOnToolsVersion = 13.3;
					};
				};
			};
			buildConfigurationList = 15C1E878294C52FC0069305F /* Build configuration list for PBXProject "전처리컴파일" */;
			compatibilityVersion = "Xcode 13.0";
			developmentRegion = en;
			hasScannedForEncodings = 0;
			knownRegions = (
				en,
				Base,
			);
			mainGroup = 15C1E874294C52FC0069305F;
			productRefGroup = 15C1E87E294C52FC0069305F /* Products */;
			projectDirPath = "";
			projectRoot = "";
			targets = (
				15C1E87C294C52FC0069305F /* 전처리컴파일 */,
			);
		};
/* End PBXProject section */

/* Begin PBXSourcesBuildPhase section */
		15C1E879294C52FC0069305F /* Sources */ = {
			isa = PBXSourcesBuildPhase;
			buildActionMask = 2147483647;
			files = (
				1555339829505227008EB989 /* add.c in Sources */,
				1555339229505143008EB989 /* calculation.c in Sources */,
			);
			runOnlyForDeploymentPostprocessing = 0;
		};
/* End PBXSourcesBuildPhase section */

/* Begin XCBuildConfiguration section */
		15C1E882294C52FC0069305F /* Debug */ = {
			isa = XCBuildConfiguration;
			buildSettings = {
				ALWAYS_SEARCH_USER_PATHS = NO;
				CLANG_ANALYZER_NONNULL = YES;
				CLANG_ANALYZER_NUMBER_OBJECT_CONVERSION = YES_AGGRESSIVE;
				CLANG_CXX_LANGUAGE_STANDARD = "gnu++17";
				CLANG_ENABLE_MODULES = YES;
				CLANG_ENABLE_OBJC_ARC = YES;
				CLANG_ENABLE_OBJC_WEAK = YES;
				CLANG_WARN_BLOCK_CAPTURE_AUTORELEASING = YES;
				CLANG_WARN_BOOL_CONVERSION = YES;
				CLANG_WARN_COMMA = YES;
				CLANG_WARN_CONSTANT_CONVERSION = YES;
				CLANG_WARN_DEPRECATED_OBJC_IMPLEMENTATIONS = YES;
				CLANG_WARN_DIRECT_OBJC_ISA_USAGE = YES_ERROR;
				CLANG_WARN_DOCUMENTATION_COMMENTS = YES;
				CLANG_WARN_EMPTY_BODY = YES;
				CLANG_WARN_ENUM_CONVERSION = YES;
				CLANG_WARN_INFINITE_RECURSION = YES;
				CLANG_WARN_INT_CONVERSION = YES;
				CLANG_WARN_NON_LITERAL_NULL_CONVERSION = YES;
				CLANG_WARN_OBJC_IMPLICIT_RETAIN_SELF = YES;
				CLANG_WARN_OBJC_LITERAL_CONVERSION = YES;
				CLANG_WARN_OBJC_ROOT_CLASS = YES_ERROR;
				CLANG_WARN_QUOTED_INCLUDE_IN_FRAMEWORK_HEADER = YES;
				CLANG_WARN_RANGE_LOOP_ANALYSIS = YES;
				CLANG_WARN_STRICT_PROTOTYPES = YES;
				CLANG_WARN_SUSPICIOUS_MOVE = YES;
				CLANG_WARN_UNGUARDED_AVAILABILITY = YES_AGGRESSIVE;
				CLANG_WARN_UNREACHABLE_CODE = YES;
				CLANG_WARN__DUPLICATE_METHOD_MATCH = YES;
				COPY_PHASE_STRIP = NO;
				DEBUG_INFORMATION_FORMAT = dwarf;
				ENABLE_STRICT_OBJC_MSGSEND = YES;
				ENABLE_TESTABILITY = YES;
				GCC_C_LANGUAGE_STANDARD = gnu11;
				GCC_DYNAMIC_NO_PIC = NO;
				GCC_NO_COMMON_BLOCKS = YES;
				GCC_OPTIMIZATION_LEVEL = 0;
				GCC_PREPROCESSOR_DEFINITIONS = (
					"DEBUG=1",
					"$(inherited)",
				);
				GCC_WARN_64_TO_32_BIT_CONVERSION = YES;
				GCC_WARN_ABOUT_RETURN_TYPE = YES_ERROR;
				GCC_WARN_UNDECLARED_SELECTOR = YES;
				GCC_WARN_UNINITIALIZED_AUTOS = YES_AGGRESSIVE;
				GCC_WARN_UNUSED_FUNCTION = YES;
				GCC_WARN_UNUSED_VARIABLE = YES;
				MACOSX_DEPLOYMENT_TARGET = 12.0;
				MTL_ENABLE_DEBUG_INFO = INCLUDE_SOURCE;
				MTL_FAST_MATH = YES;
				ONLY_ACTIVE_ARCH = YES;
				SDKROOT = macosx;
			};
			name = Debug;
		};
		15C1E883294C52FC0069305F /* Release */ = {
			isa = XCBuildConfiguration;
			buildSettings = {
				ALWAYS_SEARCH_USER_PATHS = NO;
				CLANG_ANALYZER_NONNULL = YES;
				CLANG_ANALYZER_NUMBER_OBJECT_CONVERSION = YES_AGGRESSIVE;
				CLANG_CXX_LANGUAGE_STANDARD = "gnu++17";
				CLANG_ENABLE_MODULES = YES;
				CLANG_ENABLE_OBJC_ARC = YES;
				CLANG_ENABLE_OBJC_WEAK = YES;
				CLANG_WARN_BLOCK_CAPTURE_AUTORELEASING = YES;
				CLANG_WARN_BOOL_CONVERSION = YES;
				CLANG_WARN_COMMA = YES;
				CLANG_WARN_CONSTANT_CONVERSION = YES;
				CLANG_WARN_DEPRECATED_OBJC_IMPLEMENTATIONS = YES;
				CLANG_WARN_DIRECT_OBJC_ISA_USAGE = YES_ERROR;
				CLANG_WARN_DOCUMENTATION_COMMENTS = YES;
				CLANG_WARN_EMPTY_BODY = YES;
				CLANG_WARN_ENUM_CONVERSION = YES;
				CLANG_WARN_INFINITE_RECURSION = YES;
				CLANG_WARN_INT_CONVERSION = YES;
				CLANG_WARN_NON_LITERAL_NULL_CONVERSION = YES;
				CLANG_WARN_OBJC_IMPLICIT_RETAIN_SELF = YES;
				CLANG_WARN_OBJC_LITERAL_CONVERSION = YES;
				CLANG_WARN_OBJC_ROOT_CLASS = YES_ERROR;
				CLANG_WARN_QUOTED_INCLUDE_IN_FRAMEWORK_HEADER = YES;
				CLANG_WARN_RANGE_LOOP_ANALYSIS = YES;
				CLANG_WARN_STRICT_PROTOTYPES = YES;
				CLANG_WARN_SUSPICIOUS_MOVE = YES;
				CLANG_WARN_UNGUARDED_AVAILABILITY = YES_AGGRESSIVE;
				CLANG_WARN_UNREACHABLE_CODE = YES;
				CLANG_WARN__DUPLICATE_METHOD_MATCH = YES;
				COPY_PHASE_STRIP = NO;
				DEBUG_INFORMATION_FORMAT = "dwarf-with-dsym";
				ENABLE_NS_ASSERTIONS = NO;
				ENABLE_STRICT_OBJC_MSGSEND = YES;
				GCC_C_LANGUAGE_STANDARD = gnu11;
				GCC_NO_COMMON_BLOCKS = YES;
				GCC_WARN_64_TO_32_BIT_CONVERSION = YES;
				GCC_WARN_ABOUT_RETURN_TYPE = YES_ERROR;
				GCC_WARN_UNDECLARED_SELECTOR = YES;
				GCC_WARN_UNINITIALIZED_AUTOS = YES_AGGRESSIVE;
				GCC_WARN_UNUSED_FUNCTION = YES;
				GCC_WARN_UNUSED_VARIABLE = YES;
				MACOSX_DEPLOYMENT_TARGET = 12.0;
				MTL_ENABLE_DEBUG_INFO = NO;
				MTL_FAST_MATH = YES;
				SDKROOT = macosx;
			};
			name = Release;
		};
		15C1E885294C52FC0069305F /* Debug */ = {
			isa = XCBuildConfiguration;
			buildSettings = {
				CODE_SIGN_STYLE = Automatic;
				PRODUCT_NAME = "$(TARGET_NAME)";
			};
			name = Debug;
		};
		15C1E886294C52FC0069305F /* Release */ = {
			isa = XCBuildConfiguration;
			buildSettings = {
				CODE_SIGN_STYLE = Automatic;
				PRODUCT_NAME = "$(TARGET_NAME)";
			};
			name = Release;
		};
/* End XCBuildConfiguration section */

/* Begin XCConfigurationList section */
		15C1E878294C52FC0069305F /* Build configuration list for PBXProject "전처리컴파일" */ = {
			isa = XCConfigurationList;
			buildConfigurations = (
				15C1E882294C52FC0069305F /* Debug */,
				15C1E883294C52FC0069305F /* Release */,
			);
			defaultConfigurationIsVisible = 0;
			defaultConfigurationName = Release;
		};
		15C1E884294C52FC0069305F /* Build configuration list for PBXNativeTarget "전처리컴파일" */ = {
			isa = XCConfigurationList;
			buildConfigurations = (
				15C1E885294C52FC0069305F /* Debug */,
				15C1E886294C52FC0069305F /* Release */,
			);
			defaultConfigurationIsVisible = 0;
			defaultConfigurationName = Release;
		};
/* End XCConfigurationList section */
	};
	rootObject = 15C1E875294C52FC0069305F /* Project object */;
}
